{
  "lockfileVersion": 1,
  "workspaces": {
    "": {
      "name": "umaxica-edge-com",
      "devDependencies": {
        "babel-plugin-react-compiler": "^19.1.0-rc.2",
      },
    },
  },
  "packages": {
    "@babel/helper-string-parser": ["@babel/helper-string-parser@7.27.1", "", {}, "sha512-qMlSxKbpRlAridDExk92nSobyDdpPijUq2DW6oDnUqd0iOGxmQjyqhMIihI9+zv4LPyZdRje2cavWPbCbWm3eA=="],

    "@babel/helper-validator-identifier": ["@babel/helper-validator-identifier@7.27.1", "", {}, "sha512-D2hP9eA+Sqx1kBZgzxZh0y1trbuU+JoDkiEwqhQ36nodYqJwyEIhPSdMNd7lOm/4io72luTPWH20Yda0xOuUow=="],

    "@babel/types": ["@babel/types@7.28.2", "", { "dependencies": { "@babel/helper-string-parser": "^7.27.1", "@babel/helper-validator-identifier": "^7.27.1" } }, "sha512-ruv7Ae4J5dUYULmeXw1gmb7rYRz57OWCPM57pHojnLq/3Z1CK2lNSLTCVjxVk1F/TZHwOZZrOWi0ur95BbLxNQ=="],

    "babel-plugin-react-compiler": ["babel-plugin-react-compiler@19.1.0-rc.2", "", { "dependencies": { "@babel/types": "^7.26.0" } }, "sha512-kSNA//p5fMO6ypG8EkEVPIqAjwIXm5tMjfD1XRPL/sRjYSbJ6UsvORfaeolNWnZ9n310aM0xJP7peW26BuCVzA=="],
  }
}
